
Microsoft Visual Studio Solution File, Format Version 12.00
# Visual Studio Version 17
VisualStudioVersion = 17.9.34723.18
MinimumVisualStudioVersion = 10.0.40219.1
Project("{9A19103F-16F7-4668-BE54-9A1E7A4F7556}") = "array", "array\array.csproj", "{C50D1A2B-80F7-469E-9A00-EDCEBA85EB65}"
EndProject
Project("{9A19103F-16F7-4668-BE54-9A1E7A4F7556}") = "stack", "stack\stack.csproj", "{E3B1D331-DFFF-413F-AF78-4DB1000C35AC}"
EndProject
Project("{9A19103F-16F7-4668-BE54-9A1E7A4F7556}") = "queue", "queue\queue.csproj", "{39FB1D0A-C259-4299-A2D0-6AA5B2CF4424}"
EndProject
Project("{9A19103F-16F7-4668-BE54-9A1E7A4F7556}") = "hash_table", "hash_table\hash_table.csproj", "{C6FE7598-588F-43A4-AC1B-0F3423D52D77}"
EndProject
Project("{FAE04EC0-301F-11D3-BF4B-00C04F79EFBC}") = "Dictionary", "Dictionary\Dictionary.csproj", "{7B866F18-AF12-4C48-824B-4FCAFA5B8ADE}"
EndProject
Project("{FAE04EC0-301F-11D3-BF4B-00C04F79EFBC}") = "linkedlist", "linkedlist\linkedlist.csproj", "{ADA4D687-41B2-44AC-981D-316CAC87DF06}"
EndProject
Global
	GlobalSection(SolutionConfigurationPlatforms) = preSolution
		Debug|Any CPU = Debug|Any CPU
		Release|Any CPU = Release|Any CPU
	EndGlobalSection
	GlobalSection(ProjectConfigurationPlatforms) = postSolution
		{C50D1A2B-80F7-469E-9A00-EDCEBA85EB65}.Debug|Any CPU.ActiveCfg = Debug|Any CPU
		{C50D1A2B-80F7-469E-9A00-EDCEBA85EB65}.Debug|Any CPU.Build.0 = Debug|Any CPU
		{C50D1A2B-80F7-469E-9A00-EDCEBA85EB65}.Release|Any CPU.ActiveCfg = Release|Any CPU
		{C50D1A2B-80F7-469E-9A00-EDCEBA85EB65}.Release|Any CPU.Build.0 = Release|Any CPU
		{E3B1D331-DFFF-413F-AF78-4DB1000C35AC}.Debug|Any CPU.ActiveCfg = Debug|Any CPU
		{E3B1D331-DFFF-413F-AF78-4DB1000C35AC}.Debug|Any CPU.Build.0 = Debug|Any CPU
		{E3B1D331-DFFF-413F-AF78-4DB1000C35AC}.Release|Any CPU.ActiveCfg = Release|Any CPU
		{E3B1D331-DFFF-413F-AF78-4DB1000C35AC}.Release|Any CPU.Build.0 = Release|Any CPU
		{39FB1D0A-C259-4299-A2D0-6AA5B2CF4424}.Debug|Any CPU.ActiveCfg = Debug|Any CPU
		{39FB1D0A-C259-4299-A2D0-6AA5B2CF4424}.Debug|Any CPU.Build.0 = Debug|Any CPU
		{39FB1D0A-C259-4299-A2D0-6AA5B2CF4424}.Release|Any CPU.ActiveCfg = Release|Any CPU
		{39FB1D0A-C259-4299-A2D0-6AA5B2CF4424}.Release|Any CPU.Build.0 = Release|Any CPU
		{C6FE7598-588F-43A4-AC1B-0F3423D52D77}.Debug|Any CPU.ActiveCfg = Debug|Any CPU
		{C6FE7598-588F-43A4-AC1B-0F3423D52D77}.Debug|Any CPU.Build.0 = Debug|Any CPU
		{C6FE7598-588F-43A4-AC1B-0F3423D52D77}.Release|Any CPU.ActiveCfg = Release|Any CPU
		{C6FE7598-588F-43A4-AC1B-0F3423D52D77}.Release|Any CPU.Build.0 = Release|Any CPU
		{7B866F18-AF12-4C48-824B-4FCAFA5B8ADE}.Debug|Any CPU.ActiveCfg = Debug|Any CPU
		{7B866F18-AF12-4C48-824B-4FCAFA5B8ADE}.Debug|Any CPU.Build.0 = Debug|Any CPU
		{7B866F18-AF12-4C48-824B-4FCAFA5B8ADE}.Release|Any CPU.ActiveCfg = Release|Any CPU
		{7B866F18-AF12-4C48-824B-4FCAFA5B8ADE}.Release|Any CPU.Build.0 = Release|Any CPU
		{ADA4D687-41B2-44AC-981D-316CAC87DF06}.Debug|Any CPU.ActiveCfg = Debug|Any CPU
		{ADA4D687-41B2-44AC-981D-316CAC87DF06}.Debug|Any CPU.Build.0 = Debug|Any CPU
		{ADA4D687-41B2-44AC-981D-316CAC87DF06}.Release|Any CPU.ActiveCfg = Release|Any CPU
		{ADA4D687-41B2-44AC-981D-316CAC87DF06}.Release|Any CPU.Build.0 = Release|Any CPU
	EndGlobalSection
	GlobalSection(SolutionProperties) = preSolution
		HideSolutionNode = FALSE
	EndGlobalSection
	GlobalSection(ExtensibilityGlobals) = postSolution
		SolutionGuid = {60388266-362F-4A4B-A8A3-F9F257D5B101}
	EndGlobalSection
EndGlobal
